
Microsoft Visual Studio Solution File, Format Version 12.00
# Visual Studio Version 17
VisualStudioVersion = 17.9.34701.34
MinimumVisualStudioVersion = 10.0.40219.1
Project("{FAE04EC0-301F-11D3-BF4B-00C04F79EFBC}") = "Laba9", "Laba9.csproj", "{379D097E-FD7B-4327-90B8-2EDA703AFBA1}"
EndProject
Project("{FAE04EC0-301F-11D3-BF4B-00C04F79EFBC}") = "TestLab9", "..\TestLab9\TestLab9.csproj", "{011DDE66-C3A6-4DAC-8B9E-D670171A2309}"
EndProject
Global
	GlobalSection(SolutionConfigurationPlatforms) = preSolution
		Debug|Any CPU = Debug|Any CPU
		Release|Any CPU = Release|Any CPU
	EndGlobalSection
	GlobalSection(ProjectConfigurationPlatforms) = postSolution
		{379D097E-FD7B-4327-90B8-2EDA703AFBA1}.Debug|Any CPU.ActiveCfg = Debug|Any CPU
		{379D097E-FD7B-4327-90B8-2EDA703AFBA1}.Debug|Any CPU.Build.0 = Debug|Any CPU
		{379D097E-FD7B-4327-90B8-2EDA703AFBA1}.Release|Any CPU.ActiveCfg = Release|Any CPU
		{379D097E-FD7B-4327-90B8-2EDA703AFBA1}.Release|Any CPU.Build.0 = Release|Any CPU
		{011DDE66-C3A6-4DAC-8B9E-D670171A2309}.Debug|Any CPU.ActiveCfg = Debug|Any CPU
		{011DDE66-C3A6-4DAC-8B9E-D670171A2309}.Debug|Any CPU.Build.0 = Debug|Any CPU
		{011DDE66-C3A6-4DAC-8B9E-D670171A2309}.Release|Any CPU.ActiveCfg = Release|Any CPU
		{011DDE66-C3A6-4DAC-8B9E-D670171A2309}.Release|Any CPU.Build.0 = Release|Any CPU
	EndGlobalSection
	GlobalSection(SolutionProperties) = preSolution
		HideSolutionNode = FALSE
	EndGlobalSection
	GlobalSection(ExtensibilityGlobals) = postSolution
		SolutionGuid = {0FDB008F-BBBE-4F0F-A00E-C1E26640CBF8}
	EndGlobalSection
EndGlobal
