
Microsoft Visual Studio Solution File, Format Version 12.00
# Visual Studio Version 17
VisualStudioVersion = 17.9.34701.34
MinimumVisualStudioVersion = 10.0.40219.1
Project("{FAE04EC0-301F-11D3-BF4B-00C04F79EFBC}") = "Laba5", "Laba5.csproj", "{17300F77-B3CF-4F5D-AFA8-5F01D597FD1B}"
EndProject
Global
	GlobalSection(SolutionConfigurationPlatforms) = preSolution
		Debug|Any CPU = Debug|Any CPU
		Release|Any CPU = Release|Any CPU
	EndGlobalSection
	GlobalSection(ProjectConfigurationPlatforms) = postSolution
		{17300F77-B3CF-4F5D-AFA8-5F01D597FD1B}.Debug|Any CPU.ActiveCfg = Debug|Any CPU
		{17300F77-B3CF-4F5D-AFA8-5F01D597FD1B}.Debug|Any CPU.Build.0 = Debug|Any CPU
		{17300F77-B3CF-4F5D-AFA8-5F01D597FD1B}.Release|Any CPU.ActiveCfg = Release|Any CPU
		{17300F77-B3CF-4F5D-AFA8-5F01D597FD1B}.Release|Any CPU.Build.0 = Release|Any CPU
	EndGlobalSection
	GlobalSection(SolutionProperties) = preSolution
		HideSolutionNode = FALSE
	EndGlobalSection
	GlobalSection(ExtensibilityGlobals) = postSolution
		SolutionGuid = {A1C19A1D-0A0D-4001-BA0E-983BC4D16EF0}
	EndGlobalSection
EndGlobal
